{
  "version": "2",
  "remote": {
    "https://deno.land/std@0.106.0/path/_constants.ts": "1247fee4a79b70c89f23499691ef169b41b6ccf01887a0abd131009c5581b853",
    "https://deno.land/std@0.106.0/path/_interface.ts": "1fa73b02aaa24867e481a48492b44f2598cd9dfa513c7b34001437007d3642e4",
    "https://deno.land/std@0.106.0/path/_util.ts": "2e06a3b9e79beaf62687196bd4b60a4c391d862cfa007a20fc3a39f778ba073b",
    "https://deno.land/std@0.106.0/path/posix.ts": "b81974c768d298f8dcd2c720229639b3803ca4a241fa9a355c762fa2bc5ef0c1",
    "https://deno.land/std@0.152.0/_util/assert.ts": "e94f2eb37cebd7f199952e242c77654e43333c1ac4c5c700e929ea3aa5489f74",
    "https://deno.land/std@0.152.0/_util/os.ts": "3b4c6e27febd119d36a416d7a97bd3b0251b77c88942c8f16ee5953ea13e2e49",
    "https://deno.land/std@0.152.0/async/deferred.ts": "bc18e28108252c9f67dfca2bbc4587c3cbf3aeb6e155f8c864ca8ecff992b98a",
    "https://deno.land/std@0.152.0/bytes/bytes_list.ts": "aba5e2369e77d426b10af1de0dcc4531acecec27f9b9056f4f7bfbf8ac147ab4",
    "https://deno.land/std@0.152.0/bytes/equals.ts": "3c3558c3ae85526f84510aa2b48ab2ad7bdd899e2e0f5b7a8ffc85acb3a6043a",
    "https://deno.land/std@0.152.0/bytes/mod.ts": "763f97d33051cc3f28af1a688dfe2830841192a9fea0cbaa55f927b49d49d0bf",
    "https://deno.land/std@0.152.0/crypto/timing_safe_equal.ts": "82a29b737bc8932d75d7a20c404136089d5d23629e94ba14efa98a8cc066c73e",
    "https://deno.land/std@0.152.0/encoding/base64.ts": "c57868ca7fa2fbe919f57f88a623ad34e3d970d675bdc1ff3a9d02bba7409db2",
    "https://deno.land/std@0.152.0/fmt/colors.ts": "6f9340b7fb8cc25a993a99e5efc56fe81bb5af284ff412129dd06df06f53c0b4",
    "https://deno.land/std@0.152.0/http/_negotiation/common.ts": "410e902f01cdd324e4746e8017595be4fc357d6fc4cd6044f2f808a943d7eaf7",
    "https://deno.land/std@0.152.0/http/_negotiation/encoding.ts": "f749c1d539d139af783e8a7741de5a47a98a5e3c9af82b8af512567ccf5fe632",
    "https://deno.land/std@0.152.0/http/_negotiation/language.ts": "53c306186904d2dace4c624a8822542866ad332a7f40ac90e0af1504f95c63d0",
    "https://deno.land/std@0.152.0/http/_negotiation/media_type.ts": "ecdda87286495f7ff25116858f5088856953e2f1585e593d314e0c71b826a137",
    "https://deno.land/std@0.152.0/http/http_errors.ts": "fe9b7f95f7ee0592c3306f8c7aed03ba53d55d1ef81e00041c1171b9588f46d9",
    "https://deno.land/std@0.152.0/http/http_status.ts": "897575a7d6bc2b9123f6a38ecbc0f03d95a532c5d92029315dc9f508e12526b8",
    "https://deno.land/std@0.152.0/http/negotiation.ts": "f35b1ff2ad4ff9feaa00ac234960b398172768205c8eceaef7f2eafe34716ba2",
    "https://deno.land/std@0.152.0/io/buffer.ts": "bd0c4bf53db4b4be916ca5963e454bddfd3fcd45039041ea161dbf826817822b",
    "https://deno.land/std@0.152.0/io/readers.ts": "45847ad404afd2f605eae1cff193f223462bc55eeb9ae313c2f3db28aada0fd6",
    "https://deno.land/std@0.152.0/io/types.d.ts": "0cae3a62da7a37043661746c65c021058bae020b54e50c0e774916e5d4baee43",
    "https://deno.land/std@0.152.0/media_types/_util.ts": "ce9b4fc4ba1c447dafab619055e20fd88236ca6bdd7834a21f98bd193c3fbfa1",
    "https://deno.land/std@0.152.0/media_types/mod.ts": "3829264ca0610cac40f3214f939d7733483523f82bc1041c51045d7c75fb93b8",
    "https://deno.land/std@0.152.0/media_types/vendor/mime-db.v1.52.0.ts": "724cee25fa40f1a52d3937d6b4fbbfdd7791ff55e1b7ac08d9319d5632c7f5af",
    "https://deno.land/std@0.152.0/path/_constants.ts": "df1db3ffa6dd6d1252cc9617e5d72165cd2483df90e93833e13580687b6083c3",
    "https://deno.land/std@0.152.0/path/_interface.ts": "ee3b431a336b80cf445441109d089b70d87d5e248f4f90ff906820889ecf8d09",
    "https://deno.land/std@0.152.0/path/_util.ts": "c1e9686d0164e29f7d880b2158971d805b6e0efc3110d0b3e24e4b8af2190d2b",
    "https://deno.land/std@0.152.0/path/common.ts": "bee563630abd2d97f99d83c96c2fa0cca7cee103e8cb4e7699ec4d5db7bd2633",
    "https://deno.land/std@0.152.0/path/glob.ts": "cb5255638de1048973c3e69e420c77dc04f75755524cb3b2e160fe9277d939ee",
    "https://deno.land/std@0.152.0/path/mod.ts": "56fec03ad0ebd61b6ab39ddb9b0ddb4c4a5c9f2f4f632e09dd37ec9ebfd722ac",
    "https://deno.land/std@0.152.0/path/posix.ts": "c1f7afe274290ea0b51da07ee205653b2964bd74909a82deb07b69a6cc383aaa",
    "https://deno.land/std@0.152.0/path/separator.ts": "fe1816cb765a8068afb3e8f13ad272351c85cbc739af56dacfc7d93d710fe0f9",
    "https://deno.land/std@0.152.0/path/win32.ts": "bd7549042e37879c68ff2f8576a25950abbfca1d696d41d82c7bca0b7e6f452c",
    "https://deno.land/std@0.152.0/streams/conversion.ts": "fc3db02026183da795fa32ac7549868e9f19c75ba029d4b4c3739af62b48517a",
    "https://deno.land/std@0.152.0/testing/_diff.ts": "029a00560b0d534bc0046f1bce4bd36b3b41ada3f2a3178c85686eb2ff5f1413",
    "https://deno.land/std@0.152.0/testing/_format.ts": "0d8dc79eab15b67cdc532826213bbe05bccfd276ca473a50a3fc7bbfb7260642",
    "https://deno.land/std@0.152.0/testing/asserts.ts": "093735c88f52bbead7f60a1f7a97a2ce4df3c2d5fab00a46956f20b4a5793ccd",
    "https://deno.land/std@0.155.0/_util/assert.ts": "e94f2eb37cebd7f199952e242c77654e43333c1ac4c5c700e929ea3aa5489f74",
    "https://deno.land/std@0.155.0/_util/os.ts": "3b4c6e27febd119d36a416d7a97bd3b0251b77c88942c8f16ee5953ea13e2e49",
    "https://deno.land/std@0.155.0/encoding/base64.ts": "c57868ca7fa2fbe919f57f88a623ad34e3d970d675bdc1ff3a9d02bba7409db2",
    "https://deno.land/std@0.155.0/fmt/colors.ts": "ff7dc9c9f33a72bd48bc24b21bbc1b4545d8494a431f17894dbc5fe92a938fc4",
    "https://deno.land/std@0.155.0/path/_constants.ts": "df1db3ffa6dd6d1252cc9617e5d72165cd2483df90e93833e13580687b6083c3",
    "https://deno.land/std@0.155.0/path/_interface.ts": "ee3b431a336b80cf445441109d089b70d87d5e248f4f90ff906820889ecf8d09",
    "https://deno.land/std@0.155.0/path/_util.ts": "d16be2a16e1204b65f9d0dfc54a9bc472cafe5f4a190b3c8471ec2016ccd1677",
    "https://deno.land/std@0.155.0/path/common.ts": "bee563630abd2d97f99d83c96c2fa0cca7cee103e8cb4e7699ec4d5db7bd2633",
    "https://deno.land/std@0.155.0/path/glob.ts": "cb5255638de1048973c3e69e420c77dc04f75755524cb3b2e160fe9277d939ee",
    "https://deno.land/std@0.155.0/path/mod.ts": "56fec03ad0ebd61b6ab39ddb9b0ddb4c4a5c9f2f4f632e09dd37ec9ebfd722ac",
    "https://deno.land/std@0.155.0/path/posix.ts": "c1f7afe274290ea0b51da07ee205653b2964bd74909a82deb07b69a6cc383aaa",
    "https://deno.land/std@0.155.0/path/separator.ts": "fe1816cb765a8068afb3e8f13ad272351c85cbc739af56dacfc7d93d710fe0f9",
    "https://deno.land/std@0.155.0/path/win32.ts": "bd7549042e37879c68ff2f8576a25950abbfca1d696d41d82c7bca0b7e6f452c",
    "https://deno.land/std@0.156.0/_util/assert.ts": "e94f2eb37cebd7f199952e242c77654e43333c1ac4c5c700e929ea3aa5489f74",
    "https://deno.land/std@0.156.0/_util/os.ts": "3b4c6e27febd119d36a416d7a97bd3b0251b77c88942c8f16ee5953ea13e2e49",
    "https://deno.land/std@0.156.0/fs/_util.ts": "fdc156f897197f261a1c096dcf8ff9267ed0ff42bd5b31f55053a4763a4bae3b",
    "https://deno.land/std@0.156.0/fs/copy.ts": "73bdf24f4322648d9bc38ef983b818637ba368351d17aa03644209d3ce3eac31",
    "https://deno.land/std@0.156.0/fs/empty_dir.ts": "c15a0aaaf40f8c21cca902aa1e01a789ad0c2fd1b7e2eecf4957053c5dbf707f",
    "https://deno.land/std@0.156.0/fs/ensure_dir.ts": "76395fc1c989ca8d2de3aedfa8240eb8f5225cde20f926de957995b063135b80",
    "https://deno.land/std@0.156.0/fs/ensure_file.ts": "b8e32ea63aa21221d0219760ba3f741f682d7f7d68d0d24a3ec067c338568152",
    "https://deno.land/std@0.156.0/fs/ensure_link.ts": "5cc1c04f18487d7d1edf4c5469705f30b61390ffd24ad7db6df85e7209b32bb2",
    "https://deno.land/std@0.156.0/fs/ensure_symlink.ts": "5273557b8c50be69477aa9cb003b54ff2240a336db52a40851c97abce76b96ab",
    "https://deno.land/std@0.156.0/fs/eol.ts": "b92f0b88036de507e7e6fbedbe8f666835ea9dcbf5ac85917fa1fadc919f83a5",
    "https://deno.land/std@0.156.0/fs/exists.ts": "3661a679d9018338df5df7cd9fc7cd918f5e447e7304a5391f849a893ce24107",
    "https://deno.land/std@0.156.0/fs/expand_glob.ts": "333a8b9b0726b6909e5af30fb99c68e5b0e734d37af8cbc2ad1f062f26ca4d50",
    "https://deno.land/std@0.156.0/fs/mod.ts": "354a6f972ef4e00c4dd1f1339a8828ef0764c1c23d3c0010af3fcc025d8655b0",
    "https://deno.land/std@0.156.0/fs/move.ts": "6d7fa9da60dbc7a32dd7fdbc2ff812b745861213c8e92ba96dace0669b0c378c",
    "https://deno.land/std@0.156.0/fs/walk.ts": "d6c73a2a2fb5fde60150ce27cff3fff420e72e5bb84131b4919c9a41d74712ce",
    "https://deno.land/std@0.156.0/path/_constants.ts": "df1db3ffa6dd6d1252cc9617e5d72165cd2483df90e93833e13580687b6083c3",
    "https://deno.land/std@0.156.0/path/_interface.ts": "ee3b431a336b80cf445441109d089b70d87d5e248f4f90ff906820889ecf8d09",
    "https://deno.land/std@0.156.0/path/_util.ts": "d16be2a16e1204b65f9d0dfc54a9bc472cafe5f4a190b3c8471ec2016ccd1677",
    "https://deno.land/std@0.156.0/path/common.ts": "bee563630abd2d97f99d83c96c2fa0cca7cee103e8cb4e7699ec4d5db7bd2633",
    "https://deno.land/std@0.156.0/path/glob.ts": "cb5255638de1048973c3e69e420c77dc04f75755524cb3b2e160fe9277d939ee",
    "https://deno.land/std@0.156.0/path/mod.ts": "56fec03ad0ebd61b6ab39ddb9b0ddb4c4a5c9f2f4f632e09dd37ec9ebfd722ac",
    "https://deno.land/std@0.156.0/path/posix.ts": "c1f7afe274290ea0b51da07ee205653b2964bd74909a82deb07b69a6cc383aaa",
    "https://deno.land/std@0.156.0/path/separator.ts": "fe1816cb765a8068afb3e8f13ad272351c85cbc739af56dacfc7d93d710fe0f9",
    "https://deno.land/std@0.156.0/path/win32.ts": "bd7549042e37879c68ff2f8576a25950abbfca1d696d41d82c7bca0b7e6f452c",
    "https://deno.land/std@0.157.0/media_types/_util.ts": "ce9b4fc4ba1c447dafab619055e20fd88236ca6bdd7834a21f98bd193c3fbfa1",
    "https://deno.land/std@0.157.0/media_types/mod.ts": "74885352135624774b8cd164f3a9d866aac1e0dc3ccb5412e2a2d56ed4b1fc99",
    "https://deno.land/std@0.157.0/media_types/vendor/mime-db.v1.52.0.ts": "724cee25fa40f1a52d3937d6b4fbbfdd7791ff55e1b7ac08d9319d5632c7f5af",
    "https://deno.land/std@0.158.0/_util/assert.ts": "e94f2eb37cebd7f199952e242c77654e43333c1ac4c5c700e929ea3aa5489f74",
    "https://deno.land/std@0.158.0/async/deferred.ts": "c01de44b9192359cebd3fe93273fcebf9e95110bf3360023917da9a2d1489fae",
    "https://deno.land/std@0.158.0/bytes/bytes_list.ts": "aba5e2369e77d426b10af1de0dcc4531acecec27f9b9056f4f7bfbf8ac147ab4",
    "https://deno.land/std@0.158.0/bytes/equals.ts": "3c3558c3ae85526f84510aa2b48ab2ad7bdd899e2e0f5b7a8ffc85acb3a6043a",
    "https://deno.land/std@0.158.0/bytes/mod.ts": "763f97d33051cc3f28af1a688dfe2830841192a9fea0cbaa55f927b49d49d0bf",
    "https://deno.land/std@0.158.0/fmt/colors.ts": "ff7dc9c9f33a72bd48bc24b21bbc1b4545d8494a431f17894dbc5fe92a938fc4",
    "https://deno.land/std@0.158.0/io/buffer.ts": "fae02290f52301c4e0188670e730cd902f9307fb732d79c4aa14ebdc82497289",
    "https://deno.land/std@0.158.0/io/types.d.ts": "0cae3a62da7a37043661746c65c021058bae020b54e50c0e774916e5d4baee43",
    "https://deno.land/std@0.158.0/streams/buffer.ts": "c9aef91ccb7d23555b1d942d39eeca2546879ddfa19de450e9765d9e7069dce1",
    "https://deno.land/std@0.158.0/streams/conversion.ts": "fc4eb76a14148c43f0b85e903a5a1526391aa40ed9434dc21e34f88304eb823e",
    "https://deno.land/std@0.158.0/streams/delimiter.ts": "bd9a5491695fa986c8ea8d016764b7e096ca3f9408302d41332b68271d1f7e1b",
    "https://deno.land/std@0.158.0/streams/merge.ts": "88ed3dfa030ae076802688e4cadd762a251a41d81ed1776dfd9a2a9a0e970195",
    "https://deno.land/std@0.158.0/streams/mod.ts": "f402791689d74bd091ecf8f4015bc5b7d5c18132a55c7c72fe0576d1fb254cf9",
    "https://deno.land/std@0.158.0/testing/_diff.ts": "a23e7fc2b4d8daa3e158fa06856bedf5334ce2a2831e8bf9e509717f455adb2c",
    "https://deno.land/std@0.158.0/testing/_format.ts": "cd11136e1797791045e639e9f0f4640d5b4166148796cad37e6ef75f7d7f3832",
    "https://deno.land/std@0.158.0/testing/asserts.ts": "8696c488bc98d8d175e74dc652a0ffbc7fca93858da01edc57ed33c1148345da",
    "https://deno.land/std@0.159.0/_util/assert.ts": "e94f2eb37cebd7f199952e242c77654e43333c1ac4c5c700e929ea3aa5489f74",
    "https://deno.land/std@0.159.0/_util/os.ts": "8a33345f74990e627b9dfe2de9b040004b08ea5146c7c9e8fe9a29070d193934",
    "https://deno.land/std@0.159.0/path/_constants.ts": "df1db3ffa6dd6d1252cc9617e5d72165cd2483df90e93833e13580687b6083c3",
    "https://deno.land/std@0.159.0/path/_interface.ts": "ee3b431a336b80cf445441109d089b70d87d5e248f4f90ff906820889ecf8d09",
    "https://deno.land/std@0.159.0/path/_util.ts": "d16be2a16e1204b65f9d0dfc54a9bc472cafe5f4a190b3c8471ec2016ccd1677",
    "https://deno.land/std@0.159.0/path/common.ts": "bee563630abd2d97f99d83c96c2fa0cca7cee103e8cb4e7699ec4d5db7bd2633",
    "https://deno.land/std@0.159.0/path/glob.ts": "cb5255638de1048973c3e69e420c77dc04f75755524cb3b2e160fe9277d939ee",
    "https://deno.land/std@0.159.0/path/mod.ts": "56fec03ad0ebd61b6ab39ddb9b0ddb4c4a5c9f2f4f632e09dd37ec9ebfd722ac",
    "https://deno.land/std@0.159.0/path/posix.ts": "c1f7afe274290ea0b51da07ee205653b2964bd74909a82deb07b69a6cc383aaa",
    "https://deno.land/std@0.159.0/path/separator.ts": "fe1816cb765a8068afb3e8f13ad272351c85cbc739af56dacfc7d93d710fe0f9",
    "https://deno.land/std@0.159.0/path/win32.ts": "bd7549042e37879c68ff2f8576a25950abbfca1d696d41d82c7bca0b7e6f452c",
    "https://deno.land/std@0.160.0/async/deferred.ts": "d8fb253ffde2a056e4889ef7e90f3928f28be9f9294b6505773d33f136aab4e6",
    "https://deno.land/std@0.165.0/fmt/colors.ts": "9e36a716611dcd2e4865adea9c4bec916b5c60caad4cdcdc630d4974e6bb8bd4",
    "https://deno.land/x/ansi@1.0.1/clear.ts": "444d83749bd171a38e77a7a7d5d270bbf84fbb0ea21f0a62e60c931a11f2bfc1",
    "https://deno.land/x/ansi@1.0.1/constants.ts": "aa51274a1402e017e043f544542e895880eadd67cca3e424884ed228813144bb",
    "https://deno.land/x/ansi@1.0.1/cursor.ts": "cbba999f0f87865401490541e1bf098573491d1c6be411852eaed58f4e39716a",
    "https://deno.land/x/ansi@1.0.1/erase.ts": "50fc48023cf65e7a3ac8305be535955133b6d9d44184d8b9f3dfa5251113716c",
    "https://deno.land/x/ansi@1.0.1/link.ts": "9dff91f666747f09f9c7a58f7d02781142483003bab6fe44612e2081f93dd2ac",
    "https://deno.land/x/ansi@1.0.1/mod.ts": "10a10101feb7da0e565214f725a3d8e79b3e4a2d8cb22cdeaba1a21a53889945",
    "https://deno.land/x/ansi@1.0.1/scroll.ts": "071a30cbd84b66de2eb24752ef97ceff475a2fc22aa2f6283baaa904208bda69",
    "https://deno.land/x/cliffy@v0.25.1/_utils/distance.ts": "02af166952c7c358ac83beae397aa2fbca4ad630aecfcd38d92edb1ea429f004",
    "https://deno.land/x/cliffy@v0.25.1/ansi/ansi.ts": "7f43d07d31dd7c24b721bb434c39cbb5132029fa4be3dd8938873065f65e5810",
    "https://deno.land/x/cliffy@v0.25.1/ansi/ansi_escapes.ts": "885f61f343223f27b8ec69cc138a54bea30542924eacd0f290cd84edcf691387",
    "https://deno.land/x/cliffy@v0.25.1/ansi/chain.ts": "31fb9fcbf72fed9f3eb9b9487270d2042ccd46a612d07dd5271b1a80ae2140a0",
    "https://deno.land/x/cliffy@v0.25.1/ansi/colors.ts": "8d7c1ad361216fad38532c88b3fa2c4100910a2b611de71974a368917ce3b1a0",
    "https://deno.land/x/cliffy@v0.25.1/ansi/cursor_position.ts": "352abf1886cb8999887e04a59ce4e3fcfb1997b9d593ba5824fa859852c69174",
    "https://deno.land/x/cliffy@v0.25.1/ansi/deps.ts": "3babfa0b58a48d9eadc41b8916b74735ebc607db2f8d6cca4652724f5bec3ee9",
    "https://deno.land/x/cliffy@v0.25.1/ansi/mod.ts": "bb4e6588e6704949766205709463c8c33b30fec66c0b1846bc84a3db04a4e075",
    "https://deno.land/x/cliffy@v0.25.1/ansi/tty.ts": "8fb064c17ead6cdf00c2d3bc87a9fd17b1167f2daa575c42b516f38bdb604673",
    "https://deno.land/x/cliffy@v0.25.1/command/_errors.ts": "979a5d3f91b9da60a5871a14c4d7aa88ad4e3258da2df7b83bf40d00949ca944",
    "https://deno.land/x/cliffy@v0.25.1/command/_utils.ts": "a17433eaa5fa2931a78590c6ee146129446992214a9483328b321cabd106ed42",
    "https://deno.land/x/cliffy@v0.25.1/command/command.ts": "6a3293711409af726b69bd49bfe3f2fcd76e117e58bd3e5ca32e9e340c06af43",
    "https://deno.land/x/cliffy@v0.25.1/command/completions/_bash_completions_generator.ts": "aeb5b90d45f0576a75e7f316ed6f2e4e479857452766e0256eb452ba9f5b687a",
    "https://deno.land/x/cliffy@v0.25.1/command/completions/_fish_completions_generator.ts": "782110f1c13559ebf68d15a78b2fc4a15defde82c64906a1dfa054f5d7a71f0c",
    "https://deno.land/x/cliffy@v0.25.1/command/completions/_zsh_completions_generator.ts": "532a5e4ca81e1582dc75047cffaefe4c314f6110cb63089a0a8ab315e251fbd3",
    "https://deno.land/x/cliffy@v0.25.1/command/completions/bash.ts": "053aa2006ec327ccecacb00ba28e5eb836300e5c1bec1b3cfaee9ddcf8189756",
    "https://deno.land/x/cliffy@v0.25.1/command/completions/complete.ts": "b7d5eff31b27cd005d84bcfb4b9da866a4635c5f7187a0a85bb57d7d0eadeeef",
    "https://deno.land/x/cliffy@v0.25.1/command/completions/fish.ts": "9938beaa6458c6cf9e2eeda46a09e8cd362d4f8c6c9efe87d3cd8ca7477402a5",
    "https://deno.land/x/cliffy@v0.25.1/command/completions/mod.ts": "aeef7ec8e319bb157c39a4bab8030c9fe8fa327b4c1e94c9c1025077b45b40c0",
    "https://deno.land/x/cliffy@v0.25.1/command/completions/zsh.ts": "8b04ab244a0b582f7927d405e17b38602428eeb347a9968a657e7ea9f40e721a",
    "https://deno.land/x/cliffy@v0.25.1/command/deps.ts": "9fe00373cb356912c2659363eaee6ad6de22d7fe5682e0aeca5f262ef34003cb",
    "https://deno.land/x/cliffy@v0.25.1/command/help/_help_generator.ts": "df67e1ac9f51f08bddaa8aae6ce1df245e785301021b1b53280a51a6601d5c80",
    "https://deno.land/x/cliffy@v0.25.1/command/help/mod.ts": "82178db54feb0568030064c24f413bd0b1469940274dec8dafb950dd3965025b",
    "https://deno.land/x/cliffy@v0.25.1/command/mod.ts": "d2da7a3d171a7737173525815d7dbe2e3dad3b20f2283385d99b78b5381a8bb5",
    "https://deno.land/x/cliffy@v0.25.1/command/type.ts": "2c0e15a618e8c71c7d2654a3cc819ba50b5f4f11828e84210112801363db880d",
    "https://deno.land/x/cliffy@v0.25.1/command/types.ts": "f08e0b7846b4571f1e3d3dd4ef4e8e53aa398f4b66d0f833b5817689054b49c7",
    "https://deno.land/x/cliffy@v0.25.1/command/types/action_list.ts": "33c98d449617c7a563a535c9ceb3741bde9f6363353fd492f90a74570c611c27",
    "https://deno.land/x/cliffy@v0.25.1/command/types/boolean.ts": "bf0fbaacbd79398f4f4a832437a8ac49f34f12fe42b8b44dca68ad23cd7b02e8",
    "https://deno.land/x/cliffy@v0.25.1/command/types/child_command.ts": "f1fca390c7fbfa7a713ca15ef55c2c7656bcbb394d50e8ef54085bdf6dc22559",
    "https://deno.land/x/cliffy@v0.25.1/command/types/command.ts": "325d0382e383b725fd8d0ef34ebaeae082c5b76a1f6f2e843fee5dbb1a4fe3ac",
    "https://deno.land/x/cliffy@v0.25.1/command/types/enum.ts": "a6e805eed88efe1866fa76cd102844a79a9bbe5590e557465f30082c6e383283",
    "https://deno.land/x/cliffy@v0.25.1/command/types/file.ts": "8618f16ac9015c8589cbd946b3de1988cc4899b90ea251f3325c93c46745140e",
    "https://deno.land/x/cliffy@v0.25.1/command/types/integer.ts": "b49ef8c43fe59ccf67e792c72ff350520dab08c9bd552eff004e134f292daa06",
    "https://deno.land/x/cliffy@v0.25.1/command/types/number.ts": "32c3d1decf3b8d9dfa10b0027b07e9c6753c0059d1ccf2d1d768b879d05e0d3e",
    "https://deno.land/x/cliffy@v0.25.1/command/types/string.ts": "e415dd7bce1b4d0ac4417e370a41a8c7a476f78cb19bf4a757ba11da343f344c",
    "https://deno.land/x/cliffy@v0.25.1/flags/_errors.ts": "2e6754a96f8df8a2c23da477388eb426b24090e4cc4140220643ba2590d02136",
    "https://deno.land/x/cliffy@v0.25.1/flags/_utils.ts": "85c81dc298b09d616921b0837331f1d2e0b069e6c8e432dc26af74d579eb8967",
    "https://deno.land/x/cliffy@v0.25.1/flags/flags.ts": "d6249417841c60e0b821e464ee00a581346d7f058f126bee2cff88c88280b826",
    "https://deno.land/x/cliffy@v0.25.1/flags/mod.ts": "9fa916285229fa7b576f335bd4741fd7da0029cb54452cce89d08da12c287a6f",
    "https://deno.land/x/cliffy@v0.25.1/flags/types.ts": "c1ccc9574c69a0a3120f2464a5667b7169b6e3784f415aa3d5ca09cb36af653a",
    "https://deno.land/x/cliffy@v0.25.1/flags/types/boolean.ts": "3a80c2332c2f2f58427774cd0ed15b773be2c6bab6323ab4085ac7eaed9fe021",
    "https://deno.land/x/cliffy@v0.25.1/flags/types/integer.ts": "931b6c9f748a839ad304d60851159ebe3f26ccea50fb0907925a94e93772acaf",
    "https://deno.land/x/cliffy@v0.25.1/flags/types/number.ts": "ace1b124c644f4fac2a7bf781fafe3f8a32528b22ec939a3291424a313c8e301",
    "https://deno.land/x/cliffy@v0.25.1/flags/types/string.ts": "2764413b7f86962152fd0ac3edf5107b94cb6ae8a237243d65c3a2eb2073d624",
    "https://deno.land/x/cliffy@v0.25.1/flags/validate_flags.ts": "c6be5391daf123203c50019ee9ee1fd14deb7c6e28d8ec70ce307c28b9256194",
    "https://deno.land/x/cliffy@v0.25.1/keycode/key_code.ts": "b768c9227b8142cff3beb0a0bbe5d9119ba085c7f520f71799916f17d93a8daf",
    "https://deno.land/x/cliffy@v0.25.1/keycode/key_codes.ts": "917f0a2da0dbace08cf29bcfdaaa2257da9fe7e705fff8867d86ed69dfb08cfe",
    "https://deno.land/x/cliffy@v0.25.1/keycode/mod.ts": "292d2f295316c6e0da6955042a7b31ab2968ff09f2300541d00f05ed6c2aa2d4",
    "https://deno.land/x/cliffy@v0.25.1/mod.ts": "88d0abfe8e715218cd0a58b1821c49d446df9943ee3bf3cb62a4739b906005d6",
    "https://deno.land/x/cliffy@v0.25.1/prompt/_generic_input.ts": "65ed92d1f7ee616cc2926ae4d9b94445ac785fa6a6f584793e572dfcda8700eb",
    "https://deno.land/x/cliffy@v0.25.1/prompt/_generic_list.ts": "85ab9aeb5b2288d9d4ef47ead6ea591bd1954ada113e3ff0d355b0670b576bad",
    "https://deno.land/x/cliffy@v0.25.1/prompt/_generic_prompt.ts": "63e8fbea454f37649ad1bd911c227ce0b0c9509cf74ae865159f44fc780d00c4",
    "https://deno.land/x/cliffy@v0.25.1/prompt/_generic_suggestions.ts": "42b9a8f6d447d0dde1b904c2fc9f47bb04da2cfa2670ade4f459b1ec306aa194",
    "https://deno.land/x/cliffy@v0.25.1/prompt/_utils.ts": "676cca30762656ed1a9bcb21a7254244278a23ffc591750e98a501644b6d2df3",
    "https://deno.land/x/cliffy@v0.25.1/prompt/checkbox.ts": "4e00e94efcd7a9917101f719564b3bf98a7aee0986bb004a4a75125081538b9d",
    "https://deno.land/x/cliffy@v0.25.1/prompt/confirm.ts": "9de9fd0e51f939bac0c6a5758bf6c9aa438d5916de196761091d689c6f950cf0",
    "https://deno.land/x/cliffy@v0.25.1/prompt/deps.ts": "4003765fa9d9ca3fc68bcc939a9f7c88af67299ad739b06e1695d764445b61b0",
    "https://deno.land/x/cliffy@v0.25.1/prompt/figures.ts": "26af0fbfe21497220e4b887bb550fab997498cde14703b98e78faf370fbb4b94",
    "https://deno.land/x/cliffy@v0.25.1/prompt/input.ts": "5c579a21150228528e81d219dab23503b5d497bb511ccad72c34db3d323c580f",
    "https://deno.land/x/cliffy@v0.25.1/prompt/list.ts": "b13e05359ea98f058f950062814219d32d4cde131dd1cdc6e239814f6d321d98",
    "https://deno.land/x/cliffy@v0.25.1/prompt/mod.ts": "195aed14d10d279914eaa28c696dec404d576ca424c097a5bc2b4a7a13b66c89",
    "https://deno.land/x/cliffy@v0.25.1/prompt/number.ts": "65766e272f4fb96d35b3e6f54673987f81119315b2e843ae60516b064eb5ac04",
    "https://deno.land/x/cliffy@v0.25.1/prompt/prompt.ts": "7752e9d37dc10e793b260971415e65bcb7d2b3b7b5a8e3279c6785e6bf24fa61",
    "https://deno.land/x/cliffy@v0.25.1/prompt/secret.ts": "799986d32f0a7386f8502d42ccabfd1b9dc57d2189ac9457867d8ac64b5dcc19",
    "https://deno.land/x/cliffy@v0.25.1/prompt/select.ts": "daf9db5a1c07e51c32a94313c9d29faf3b58ab4f547b5331cdcfa6b655e42be5",
    "https://deno.land/x/cliffy@v0.25.1/prompt/toggle.ts": "16a8aa3f4f22db7d4705cd263569d547b6540c53b057e64a4c4028b610dd1920",
    "https://deno.land/x/cliffy@v0.25.1/table/border.ts": "2514abae4e4f51eda60a5f8c927ba24efd464a590027e900926b38f68e01253c",
    "https://deno.land/x/cliffy@v0.25.1/table/cell.ts": "1d787d8006ac8302020d18ec39f8d7f1113612c20801b973e3839de9c3f8b7b3",
    "https://deno.land/x/cliffy@v0.25.1/table/deps.ts": "49e9772050bda4029d0fd590a4fa54bda5707fc43154d597c7556d45a862da0f",
    "https://deno.land/x/cliffy@v0.25.1/table/layout.ts": "46bf10ae5430cf4fbb92f23d588230e9c6336edbdb154e5c9581290562b169f4",
    "https://deno.land/x/cliffy@v0.25.1/table/mod.ts": "e74f69f38810ee6139a71132783765feb94436a6619c07474ada45b465189834",
    "https://deno.land/x/cliffy@v0.25.1/table/row.ts": "54ffd4a214decdb5008cdc800a68d29b3f0be1f007899efffb7e7cd47d9ac652",
    "https://deno.land/x/cliffy@v0.25.1/table/table.ts": "3905c40d030626faab87a3e2e24982382c0d4c11eccae829a9e04db94d29e3e9",
    "https://deno.land/x/cliffy@v0.25.1/table/utils.ts": "187bb7dcbcfb16199a5d906113f584740901dfca1007400cba0df7dcd341bc29",
    "https://deno.land/x/denoflate@1.2.1/mod.ts": "f5628e44b80b3d80ed525afa2ba0f12408e3849db817d47a883b801f9ce69dd6",
    "https://deno.land/x/denoflate@1.2.1/pkg/denoflate.js": "b9f9ad9457d3f12f28b1fb35c555f57443427f74decb403113d67364e4f2caf4",
    "https://deno.land/x/denoflate@1.2.1/pkg/denoflate_bg.wasm.js": "d581956245407a2115a3d7e8d85a9641c032940a8e810acbd59ca86afd34d44d",
    "https://deno.land/x/esbuild@v0.15.8/mod.d.ts": "5fe9b6ab2fc6b10e3b953170df8ad42bd63108dc9bfcc0cdc08c46b3a6e19cd6",
    "https://deno.land/x/esbuild@v0.15.8/mod.js": "4ae3449516928ffe46cbf60e62341ad9639d7c93072484dd8319c911d558d25e",
    "https://deno.land/x/oak@v11.1.0/application.ts": "0a728331822b8e27727ceec48a8499657c3163fc48fd379a8a9578a75f3cdb62",
    "https://deno.land/x/oak@v11.1.0/body.ts": "78402a4936accb80372c4944384658105604352d6783de7ff1e36b8832dd93c9",
    "https://deno.land/x/oak@v11.1.0/buf_reader.ts": "7cf96aa0ac670b75098113cf88a291a68332cc45efa8a9698f064ac5b8098a0f",
    "https://deno.land/x/oak@v11.1.0/content_disposition.ts": "8b8c3cb2fba7138cd5b7f82fc3b5ea39b33db924a824b28261659db7e164621e",
    "https://deno.land/x/oak@v11.1.0/context.ts": "014d1ce40e62a7901411425541b0d5a08018968a330595bd686f8d00222a35bb",
    "https://deno.land/x/oak@v11.1.0/cookies.ts": "d9f94b99f26c6169c6982ce12323c41a548d001bfc28f464264c22dc3dbf2181",
    "https://deno.land/x/oak@v11.1.0/deps.ts": "b897b0f2bec99cd8b402b279b7f21de955d98cbd72835b6c912be5e11c26148b",
    "https://deno.land/x/oak@v11.1.0/etag.ts": "19918f5e1964e3fe6c9fe524a88ffbf9900ce1dfe4146b187b2a86256bb6b663",
    "https://deno.land/x/oak@v11.1.0/headers.ts": "f50fb05614432bda971021633129aa2e8737e0844e0f01c27a937997b4d8dd4f",
    "https://deno.land/x/oak@v11.1.0/helpers.ts": "42212afa07a560b2958359cc19577417e89d9574d6579551a0af36ff7f00cc6e",
    "https://deno.land/x/oak@v11.1.0/http_request.ts": "0831c828816fcb58a5aa8361c6865c4151f4c8b59fabcef2e2cd235bb28170c5",
    "https://deno.land/x/oak@v11.1.0/http_server_flash.ts": "e312754acad26d3d70f243d657547e697921f67f0a2179dbec41a20a3228fd79",
    "https://deno.land/x/oak@v11.1.0/http_server_native.ts": "549dffcd2db5cbb0e44ad50cf9c54956b42a10450b1ac66e1362e32a073c8c1b",
    "https://deno.land/x/oak@v11.1.0/http_server_native_request.ts": "07910ea2ed51af6c4e69addf9015cdd8d2b5c9ee03fd4993e386834a129a9eb6",
    "https://deno.land/x/oak@v11.1.0/isMediaType.ts": "62d638abcf837ece3a8f07a4b7ca59794135cb0d4b73194c7d5837efd4161005",
    "https://deno.land/x/oak@v11.1.0/keyStack.ts": "fa0d5898fb8ba34de1c9cdcf4b2e8434952dc9931671858d33560368784a22ef",
    "https://deno.land/x/oak@v11.1.0/mediaTyper.ts": "042b853fc8e9c3f6c628dd389e03ef481552bf07242efc3f8a1af042102a6105",
    "https://deno.land/x/oak@v11.1.0/middleware.ts": "de14f045a2ddfe845d89b5d3140ff52cbcc6f3b3965391106ce04480f9786737",
    "https://deno.land/x/oak@v11.1.0/middleware/proxy.ts": "b927232f97ec18af4185d7912e45b1191e3ffe24a9c875262ad524211b1274c9",
    "https://deno.land/x/oak@v11.1.0/mod.ts": "de52855c8f626e30ba683fb265c0a0773ba2f5f117b3549b7d9c857edba58338",
    "https://deno.land/x/oak@v11.1.0/multipart.ts": "98fe9f226de8c26a16d067027b69fb1e34ad8c4055767dd157907d06cea36f9a",
    "https://deno.land/x/oak@v11.1.0/range.ts": "68a6df7ab3b868843e33f52deb94c3d4cab25cb9ef369691990c2ac15b04fafb",
    "https://deno.land/x/oak@v11.1.0/request.ts": "5852ad36389b48e0428a6f3c90854d01f10d1b15949b56001e1e75c2a00ef0f9",
    "https://deno.land/x/oak@v11.1.0/response.ts": "867d81f7eb0c65c7b8e0e0e9e145ededd5b6daa9ad922e6adc6a36a525f439a6",
    "https://deno.land/x/oak@v11.1.0/router.ts": "187522a549f6c179ff01d321882a8bfacbfb7f3e24b004ec4534a3613c7f9b0e",
    "https://deno.land/x/oak@v11.1.0/send.ts": "7ef2591792426d62add91536bb434566d4b224247ca343fdd63e486f9d4e9446",
    "https://deno.land/x/oak@v11.1.0/server_sent_event.ts": "948b0fe4cb3fe38c7db15e476eb3b7671ef20e566d130e9f701d7c0146aa47dd",
    "https://deno.land/x/oak@v11.1.0/structured_clone.ts": "ecf42598652b8082f37252cb873d6e257ad728e6fe73c6bd61f343d94501fbde",
    "https://deno.land/x/oak@v11.1.0/testing.ts": "7612656efd2975f7a2e6848609f5971922dbec46b76372c5c623202fdd7b9a85",
    "https://deno.land/x/oak@v11.1.0/types.d.ts": "41951a18c3bfdb11e40707cab75da078ba8a4907cd7d4e11d8536bc2db0dde05",
    "https://deno.land/x/oak@v11.1.0/util.ts": "3af8c4ed04c6cc2bedbe66e562a77fc59c72df31c55a902a63885861ca1639d6",
    "https://deno.land/x/open@v0.0.5/index.ts": "387293f5063d620137d9ba87fa4a9aece5ac435ca9f5bf5e3f0999634f68e294",
    "https://deno.land/x/path_to_regexp@v6.2.1/index.ts": "894060567837bae8fc9c5cbd4d0a05e9024672083d5883b525c031eea940e556",
    "https://deno.land/x/pretty_bytes@v2.0.0/mod.ts": "f1d59ab40530f640694833c61d68c892692e7f5db8f00dbdbe9f4fdcf52112a9",
    "https://esm.sh/@fortawesome/free-solid-svg-icons@6.2.1": "02a4a97d26fa8821bf0ba8d0b283483ff6f8586b6d5b44cc0ad39ce48a110a8d",
    "https://esm.sh/@fortawesome/free-solid-svg-icons@6.2.1?alias=react:preact/compat": "54af01b5df00675664d084eea1d332ae8ac6c1e56f6f88d1315cbd327e8d0a12",
    "https://esm.sh/@fortawesome/react-fontawesome@0.2.0": "bc5ad7091e8ad8e3cc4139a5c83618ef5a22ba25a26d46b206302c9a5ad7f0c6",
    "https://esm.sh/@fortawesome/react-fontawesome@0.2.0?alias=react:preact/compat": "9f5acea48c6dcb1bf3b15e3faa3af15ebd0929ac69bf2fba7248f805f2a37eab",
    "https://esm.sh/@fortawesome/react-fontawesome@0.2.0?alias=react:preact/compat&deps=preact@10.11.3": "d6cfd3eaaba30e6c6adc87da38452f14c5837771c57e4392f5b432f141aade6a",
    "https://esm.sh/@preact/signals@1.1.2?dep=preact@10.11.3": "34bfcfc7c0857d6bf32bf4ad3bacae33b426a6eb1519d1b33fe46799082697a9",
    "https://esm.sh/@preact/signals@1.1.2?dep=preact@10.11.3?deps=preact@10.11.3": "69a6efcae6ed82443269ff83d656f000fde847ed900c79870c3d376df6445089",
    "https://esm.sh/@preact/signals@1.1.2?deps=preact@10.11.3": "69a6efcae6ed82443269ff83d656f000fde847ed900c79870c3d376df6445089",
    "https://esm.sh/preact@10.11.3": "bb13c4579a68025fbfe7304c0c4dba6ec286c89bce5db830e56507851b208b80",
    "https://esm.sh/preact@10.11.3/hooks?dep=preact@10.11.3": "ffe990388d4ac9aaa4840e3f713b745dd9fc578cea119ebfe158e1d4dc8e347c",
    "https://esm.sh/preact@10.11.3/hooks?deps=preact@10.11.3": "ffe990388d4ac9aaa4840e3f713b745dd9fc578cea119ebfe158e1d4dc8e347c",
    "https://esm.sh/stable/preact@10.10.6/X-YS9yZWFjdDpwcmVhY3QvY29tcGF0/deno/compat.js": "eafa5682c358f8f15b8be1de86851407034302a054d9cde70305007434a7a817",
    "https://esm.sh/stable/preact@10.10.6/deno/hooks.js": "c7c21ae16e7e2a300ef23843b84f6e72bb118ce5b0cc746340fbcfd262b3ac70",
    "https://esm.sh/stable/preact@10.10.6/deno/preact.js": "e0d155b4926e5b1f4dce9b9efea9f8c65edb7587b3b7a4ebd5d339474cf61e20",
    "https://esm.sh/stable/preact@10.11.3/deno/compat.js": "f663da68f169494c8375a0dddd013065ca781f67e06bec33465ca58576ab2ff3",
    "https://esm.sh/stable/preact@10.11.3/deno/hooks.js": "535e2fd07e4273ba7db7955102733412c10975a0c1f57e5e18966f612a022b69",
    "https://esm.sh/stable/preact@10.11.3/deno/preact.js": "d17d6b3217ccb0352f68bbd47930aa25d260c1a544f45bcbcf4cd1ded9d630bb",
    "https://esm.sh/stable/react@18.2.0/deno/react.js": "806868069cfdb815e028419cf07ebc7a7bcba7f9e31dec9e3a045b9f8e82c1ed",
    "https://esm.sh/v92/@fortawesome/fontawesome-common-types@6.2.0/X-YS9yZWFjdDpwcmVhY3QvY29tcGF0/index.d.ts": "bd97a1b56d567e868203e104de85fe639a7ddbe741fc2dd13af6912c28d10ca2",
    "https://esm.sh/v92/@fortawesome/fontawesome-svg-core@6.2.0/X-YS9yZWFjdDpwcmVhY3QvY29tcGF0/deno/fontawesome-svg-core.js": "a085276d9518434b9058d88a862a5a18f47eb6c1b536d2c900d0505b53de1a14",
    "https://esm.sh/v92/@fortawesome/fontawesome-svg-core@6.2.0/X-YS9yZWFjdDpwcmVhY3QvY29tcGF0/index.d.ts": "c670304d15c3523eb1ad0dcd8207dbc9391b2bb22945aa5d38330b8759b0f8b4",
    "https://esm.sh/v92/@fortawesome/react-fontawesome@0.2.0/X-YS9yZWFjdDpwcmVhY3QvY29tcGF0/deno/react-fontawesome.js": "5250cb30e5e8332435a5b029d148460d2578fa0c5036a5f3524236ce26fde994",
    "https://esm.sh/v92/@fortawesome/react-fontawesome@0.2.0/X-YS9yZWFjdDpwcmVhY3QvY29tcGF0/index.d.ts": "f93f632b9e31b9d88910091db34b9aba6f36a9f60bc4e1b8e0c506308708b225",
    "https://esm.sh/v92/@types/prop-types@15.7.5/X-YS9yZWFjdDpwcmVhY3QvY29tcGF0/index.d.ts": "6a386ff939f180ae8ef064699d8b7b6e62bc2731a62d7fbf5e02589383838dea",
    "https://esm.sh/v92/@types/react@18.0.18/X-YS9yZWFjdDpwcmVhY3QvY29tcGF0/global.d.ts": "bbdf156fea2fabed31a569445835aeedcc33643d404fcbaa54541f06c109df3f",
    "https://esm.sh/v92/@types/react@18.0.18/X-YS9yZWFjdDpwcmVhY3QvY29tcGF0/index.d.ts": "ac3a9caebafe6f9c9eebff53b9ce268739d17511b90c3399c4d7c858a3d1f86b",
    "https://esm.sh/v92/@types/scheduler@0.16.2/X-YS9yZWFjdDpwcmVhY3QvY29tcGF0/tracing.d.ts": "f5a8b384f182b3851cec3596ccc96cb7464f8d3469f48c74bf2befb782a19de5",
    "https://esm.sh/v92/csstype@3.1.0/X-YS9yZWFjdDpwcmVhY3QvY29tcGF0/index.d.ts": "ba7617784f6b9aeac5e20c5eea869bbc3ef31b905f59c796b0fd401dae17c111",
    "https://esm.sh/v92/prop-types@15.8.1/X-YS9yZWFjdDpwcmVhY3QvY29tcGF0/deno/prop-types.js": "780d5e86852e689138c654703094d97bff56837193455ee932356a2eff741420",
    "https://esm.sh/v94/csstype@3.1.0/index.d.ts": "ba7617784f6b9aeac5e20c5eea869bbc3ef31b905f59c796b0fd401dae17c111",
    "https://esm.sh/v94/entities@2.2.0/deno/lib/decode_codepoint.js": "c419fab18cf6eeef9b9a63c4f9bb69981f2d627d940d87638d2f07cb97db3a43",
    "https://esm.sh/v94/entities@2.2.0/deno/lib/maps/decode.json.js": "113c8224b88c14815eb319f63b1b6cbf5e2055172fc50cdca82f604977f238f1",
    "https://esm.sh/v94/entities@2.2.0/deno/lib/maps/entities.json.js": "57ea9863c3ff3a0f8016f2b1e27e0a710f51ecd59a98610e375e716c998e0703",
    "https://esm.sh/v94/entities@2.2.0/deno/lib/maps/legacy.json.js": "c158a60b11521df62558565d4c884edf796836ae03f14a555591474acb0cd637",
    "https://esm.sh/v94/entities@2.2.0/deno/lib/maps/xml.json.js": "8fa74d23befb011d835a678a18408cc5dfa4dc07905bc1303d3963b4cdd090af",
    "https://esm.sh/v94/htmlparser2@6.1.0/deno/lib/Tokenizer.js": "ea59730dd248a3f72f6bb0fb1cc62673b95201471d314bb563f62d7291cbc226",
    "https://esm.sh/v94/style-vendorizer@2.2.3/deno/style-vendorizer.js": "bacdb96f034bbdae11a8d90427a6d49270d28d5939f02dbf0e7d0e52491ff9e3",
    "https://esm.sh/v94/twind@0.16.17/": "b33c6ccb772e14c9f40cc9e4abce2eb70f5f74c4544931c1e051479915f78f5a",
    "https://esm.sh/v94/twind@0.16.17/deno/sheets.js": "f75586c3a778278f99ca9e6761e8c8a2089c66d6a503bb25e3bba38597fe1e30",
    "https://esm.sh/v94/twind@0.16.17/deno/shim/server.js": "74f4a0cf3bcb6a7e3e356b3c89b0522513331f801126c9615b94321ab42af5f1",
    "https://esm.sh/v94/twind@0.16.17/deno/twind.js": "e9eedc9ad34213fdd517a239b55749d97d32f14915372964443a05df8482f713",
    "https://esm.sh/v94/twind@0.16.17/sheets/sheets.d.ts": "a20d7516796588f6a1deb705d3ee84ec4cf7f4e1c08f9da2716514c886aa2cc3",
    "https://esm.sh/v94/twind@0.16.17/shim/server": "dca0012047b68726906d701e24ccfcb54d6b92aa6fe24d847cfcf693c30d00df",
    "https://esm.sh/v94/twind@0.16.17/shim/server/server.d.ts": "fd7b9f081a9713c768baf34da93405a4b07f5318d38c5167ea9625fccae5ea19",
    "https://esm.sh/v94/twind@0.16.17/twind.d.ts": "7dcc541ecb8cf8199b63c2303e4bd378d043ae591706542c9f55ff39d0e15cf7",
    "https://esm.sh/v99/@fortawesome/fontawesome-common-types@6.2.1/X-YS9yZWFjdDpwcmVhY3QvY29tcGF0/index.d.ts": "69a36410d966623e9d25f8dc4af0dc67d7ee24b395fe72484b6921c050e86a95",
    "https://esm.sh/v99/@fortawesome/fontawesome-common-types@6.2.1/X-YS9yZWFjdDpwcmVhY3QvY29tcGF0CmQvcHJlYWN0QDEwLjExLjM/index.d.ts": "69a36410d966623e9d25f8dc4af0dc67d7ee24b395fe72484b6921c050e86a95",
    "https://esm.sh/v99/@fortawesome/fontawesome-common-types@6.2.1/index.d.ts": "69a36410d966623e9d25f8dc4af0dc67d7ee24b395fe72484b6921c050e86a95",
    "https://esm.sh/v99/@fortawesome/fontawesome-svg-core@6.2.1/X-YS9yZWFjdDpwcmVhY3QvY29tcGF0CmQvcHJlYWN0QDEwLjExLjM/deno/fontawesome-svg-core.js": "5d53a55882de954f9c10d99c66559d69f05997477d352c509d27ef145bf22838",
    "https://esm.sh/v99/@fortawesome/fontawesome-svg-core@6.2.1/X-YS9yZWFjdDpwcmVhY3QvY29tcGF0CmQvcHJlYWN0QDEwLjExLjM/index.d.ts": "29f4e1abfc8f4c4f268a37df2bca65cdae5a5f8ce76d44d7ef90b699fccad89d",
    "https://esm.sh/v99/@fortawesome/fontawesome-svg-core@6.2.1/deno/fontawesome-svg-core.js": "5d53a55882de954f9c10d99c66559d69f05997477d352c509d27ef145bf22838",
    "https://esm.sh/v99/@fortawesome/fontawesome-svg-core@6.2.1/index.d.ts": "c8ac6ace727f37bb6786c9f7a60fcff15fa6200d31b7df4c846805ab369863ec",
    "https://esm.sh/v99/@fortawesome/free-solid-svg-icons@6.2.1/X-YS9yZWFjdDpwcmVhY3QvY29tcGF0/deno/free-solid-svg-icons.js": "5669134fcc57d617f748f92e738d87e316d33552d98aee7d826247ff85ccb91e",
    "https://esm.sh/v99/@fortawesome/free-solid-svg-icons@6.2.1/X-YS9yZWFjdDpwcmVhY3QvY29tcGF0/index.d.ts": "48136e44da61e2596a15d40ac76565318f8ef597bf8c84cf5dd292c069578c9e",
    "https://esm.sh/v99/@fortawesome/free-solid-svg-icons@6.2.1/deno/free-solid-svg-icons.js": "5669134fcc57d617f748f92e738d87e316d33552d98aee7d826247ff85ccb91e",
    "https://esm.sh/v99/@fortawesome/free-solid-svg-icons@6.2.1/index.d.ts": "96a7ac47a0782a88db8ec0c859a6d8192ba18cc02836f59b8381823eeaefa925",
    "https://esm.sh/v99/@fortawesome/react-fontawesome@0.2.0/X-YS9yZWFjdDpwcmVhY3QvY29tcGF0CmQvcHJlYWN0QDEwLjExLjM/deno/react-fontawesome.js": "07514061813e8f5a4e3f84f74e193fd24f29eeac2a6565fbe73319f237523c43",
    "https://esm.sh/v99/@fortawesome/react-fontawesome@0.2.0/X-YS9yZWFjdDpwcmVhY3QvY29tcGF0CmQvcHJlYWN0QDEwLjExLjM/index.d.ts": "031d4cda8d969806e28efbf60a7224ce1f1379728f4ad05b099267b44c038aad",
    "https://esm.sh/v99/@fortawesome/react-fontawesome@0.2.0/deno/react-fontawesome.js": "e2f02e0d821898a13b376b8ecab11e8f876a2214fa74ec791b663b1dce04d62a",
    "https://esm.sh/v99/@fortawesome/react-fontawesome@0.2.0/index.d.ts": "63f66b41045986b34c905be685171cc9315058a05ce1323d2014a45b65d63c98",
    "https://esm.sh/v99/@preact/signals-core@1.2.2/X-ZC9wcmVhY3RAMTAuMTEuMw/deno/signals-core.js": "c59e0b57e1fa8719c12cf1f0919ca26f5b524505f39942c36a1b44467bc28916",
    "https://esm.sh/v99/@preact/signals-core@1.2.2/X-ZC9wcmVhY3RAMTAuMTEuMw/dist/signals-core.d.ts": "e39c59670049b772b2c7748907af01f4fb5d5706b88fa8266d9135925ca5baf7",
    "https://esm.sh/v99/@preact/signals-core@1.2.2/deno/signals-core.js": "c59e0b57e1fa8719c12cf1f0919ca26f5b524505f39942c36a1b44467bc28916",
    "https://esm.sh/v99/@preact/signals-core@1.2.2/dist/signals-core.d.ts": "e39c59670049b772b2c7748907af01f4fb5d5706b88fa8266d9135925ca5baf7",
    "https://esm.sh/v99/@preact/signals@1.1.2/X-ZC9wcmVhY3RAMTAuMTEuMw/deno/signals.js": "9acab0a018bc450234d2202f2654714fb248b5c4299fb6e23ea8827cb0a8e337",
    "https://esm.sh/v99/@preact/signals@1.1.2/X-ZC9wcmVhY3RAMTAuMTEuMw/dist/signals.d.ts": "36ee37ede10ded2804186f65e94c9572179a70234b0407f618560cd45439d0c6",
    "https://esm.sh/v99/@preact/signals@1.1.2/deno/signals.js": "dac81469ef0d3f1957c35429300e0c66bf68162166cd83ba4cdd8e20f4463077",
    "https://esm.sh/v99/@preact/signals@1.1.2/dist/signals.d.ts": "116c3f66af23a79b17270d9c06df11aa1adedf7170ad9683fdec00261cff7508",
    "https://esm.sh/v99/@types/prop-types@15.7.5/X-YS9yZWFjdDpwcmVhY3QvY29tcGF0CmQvcHJlYWN0QDEwLjExLjM/index.d.ts": "6a386ff939f180ae8ef064699d8b7b6e62bc2731a62d7fbf5e02589383838dea",
    "https://esm.sh/v99/@types/prop-types@15.7.5/index.d.ts": "6a386ff939f180ae8ef064699d8b7b6e62bc2731a62d7fbf5e02589383838dea",
    "https://esm.sh/v99/@types/react@18.0.25/X-YS9yZWFjdDpwcmVhY3QvY29tcGF0CmQvcHJlYWN0QDEwLjExLjM/global.d.ts": "bbdf156fea2fabed31a569445835aeedcc33643d404fcbaa54541f06c109df3f",
    "https://esm.sh/v99/@types/react@18.0.25/X-YS9yZWFjdDpwcmVhY3QvY29tcGF0CmQvcHJlYWN0QDEwLjExLjM/index.d.ts": "068b3ac5a549ce77fd9ec3c11d10160f10b2b05a763e8453f56236018fae4406",
    "https://esm.sh/v99/@types/react@18.0.25/global.d.ts": "bbdf156fea2fabed31a569445835aeedcc33643d404fcbaa54541f06c109df3f",
    "https://esm.sh/v99/@types/react@18.0.25/index.d.ts": "12154bc47748a901d10aa84dc39d0ec3a5f2d50624a7f018b473ef5af23063b4",
    "https://esm.sh/v99/@types/scheduler@0.16.2/X-YS9yZWFjdDpwcmVhY3QvY29tcGF0CmQvcHJlYWN0QDEwLjExLjM/tracing.d.ts": "f5a8b384f182b3851cec3596ccc96cb7464f8d3469f48c74bf2befb782a19de5",
    "https://esm.sh/v99/@types/scheduler@0.16.2/tracing.d.ts": "f5a8b384f182b3851cec3596ccc96cb7464f8d3469f48c74bf2befb782a19de5",
    "https://esm.sh/v99/csstype@3.1.1/X-YS9yZWFjdDpwcmVhY3QvY29tcGF0CmQvcHJlYWN0QDEwLjExLjM/index.d.ts": "1c29793071152b207c01ea1954e343be9a44d85234447b2b236acae9e709a383",
    "https://esm.sh/v99/csstype@3.1.1/index.d.ts": "1c29793071152b207c01ea1954e343be9a44d85234447b2b236acae9e709a383",
    "https://esm.sh/v99/preact@10.11.3/hooks/src/index.d.ts": "5c29febb624fc25d71cb0e125848c9b711e233337a08f7eacfade38fd4c14cc3",
    "https://esm.sh/v99/preact@10.11.3/src/index.d.ts": "76842a9d103548261ee001f2aee5fa5cacc8b1b4b4032af537ed84603c8f4a31",
    "https://esm.sh/v99/preact@10.11.3/src/jsx.d.ts": "77ce5bd7324455c9f6dc85bfc3c94b733acb92cc98fdf82e4b1059c8bca7866d",
    "https://esm.sh/v99/prop-types@15.8.1/X-YS9yZWFjdDpwcmVhY3QvY29tcGF0CmQvcHJlYWN0QDEwLjExLjM/deno/prop-types.js": "780d5e86852e689138c654703094d97bff56837193455ee932356a2eff741420",
    "https://esm.sh/v99/prop-types@15.8.1/deno/prop-types.js": "780d5e86852e689138c654703094d97bff56837193455ee932356a2eff741420",
    "https://esm.sh/v99/windicss@3.5.6/deno/lib.js": "e0f3088c3cd3c4313feed7a6b739cf65da0eacd5059dc5c7ad4e2fdf7d7fc556",
    "https://esm.sh/v99/windicss@3.5.6/deno/utils/parser.js": "f96543abef038ad74ef223cdd7fcde73601982d506192a4e550a0faee8c04d01",
    "https://esm.sh/v99/windicss@3.5.6/deno/windicss.js": "61fd9a8a6dc37a274ee705fd953771b466f2256d13496b4c4e5894d7bdc421a3",
    "https://esm.sh/v99/windicss@3.5.6/index.d.ts": "4d224d94a92eecd5f927f73271969304d1c962630ba2b3f611e098788fae87da",
    "https://esm.sh/v99/windicss@3.5.6/types/interfaces.d.ts": "452d83e59652ec2ae1e388c43d077e184bbec9e3c24199f9c96d9c9586587d78",
    "https://esm.sh/v99/windicss@3.5.6/types/lib/index.d.ts": "86590f3c5ef4a7ce2664e3650942bd51c1dd2648a83e22978a6b6339f770413c",
    "https://esm.sh/v99/windicss@3.5.6/types/lib/utilities/handler.d.ts": "3dc897a907626ef20ddd72d085ed3033df20eb078cc5f0008cb6d377bb712c08",
    "https://esm.sh/v99/windicss@3.5.6/types/utils/parser/class.d.ts": "92b8c1df3c859078558ccb008880594359c0c905ee928054306b259d39f7f4b9",
    "https://esm.sh/v99/windicss@3.5.6/types/utils/parser/css.d.ts": "dc37467df4fa92b43d69e721fb30a3c1d77ec0ee0993e727bd3f7d7d55e12611",
    "https://esm.sh/v99/windicss@3.5.6/types/utils/parser/html.d.ts": "0335001659ca2a216adbc8e523bee65eab0534a4749e3554d0bcfcce4920a115",
    "https://esm.sh/v99/windicss@3.5.6/types/utils/parser/index.d.ts": "b4d60399916333c1090400ec32089e4ed4dc9a5bb2862b452171425e177273d1",
    "https://esm.sh/v99/windicss@3.5.6/types/utils/style/base.d.ts": "e70ca9ac49b983f7b8cc0a69cc1858a4b843b38d60270869aa592cf9b472d05a",
    "https://esm.sh/v99/windicss@3.5.6/types/utils/style/index.d.ts": "0aba4ed10c0c6deff0c9f7414d98d954998c2ad2c70d964000f4ebfa9746fe7e",
    "https://esm.sh/v99/windicss@3.5.6/types/utils/style/prefixer.d.ts": "31043a50bdc58318adcefaf9365c666636e0198d08bf53dedf759d4de5f2d8b9",
    "https://esm.sh/v99/windicss@3.5.6/types/utils/style/sheet.d.ts": "a1cdcd9ab0d3a965b9ef1227f105442181e329fbab70722e77e73fab59e9bf69",
    "https://esm.sh/v99/windicss@3.5.6/utils/parser": "f1247974847ca30febbb9882e0ea5fb983f060e2754b78a5f39b16ace8a90f02",
    "https://esm.sh/v99/windicss@3.5.6/utils/parser/index.d.ts": "38533324a1786bbe50ac401f0dca2cd636b50707fa1b48827df23e08a18db5e4",
    "https://esm.sh/windicss@3.5.6": "c172f2c0771e77cc77f269c91b0e97ef5d60d3f5f2804ba95f5869f0f771907f",
    "https://raw.githubusercontent.com/DefinitelyTyped/DefinitelyTyped/master/types/wicg-file-system-access/index.d.ts": "eecfe1cd195e2a5d5346ac302488ab650de0e3e79e5f426f7b215278f1ba9824"
  }
}
